
Microsoft Visual Studio Solution File, Format Version 12.00
# Visual Studio Version 17
VisualStudioVersion = 17.0.32112.339
MinimumVisualStudioVersion = 10.0.40219.1
Project("{9A19103F-16F7-4668-BE54-9A1E7A4F7556}") = "AgreementManagement", "AgreementManagement\AgreementManagement.csproj", "{0228658D-720C-4FE0-95B3-6C37C4C6E06B}"
EndProject
Project("{9A19103F-16F7-4668-BE54-9A1E7A4F7556}") = "AgreementManagement.Data", "AgreementManagement.Data\AgreementManagement.Data.csproj", "{17828B44-AFA4-4654-9D0F-7BF94378264B}"
EndProject
Project("{00D1A9C2-B5F0-4AF3-8072-F6C62B433612}") = "AgreementManagement.SQL", "AgreementManagement.SQL\AgreementManagement.SQL.sqlproj", "{A14A77B6-9F55-4079-891A-293CDE0099B4}"
EndProject
Global
	GlobalSection(SolutionConfigurationPlatforms) = preSolution
		Debug|Any CPU = Debug|Any CPU
		Release|Any CPU = Release|Any CPU
	EndGlobalSection
	GlobalSection(ProjectConfigurationPlatforms) = postSolution
		{0228658D-720C-4FE0-95B3-6C37C4C6E06B}.Debug|Any CPU.ActiveCfg = Debug|Any CPU
		{0228658D-720C-4FE0-95B3-6C37C4C6E06B}.Debug|Any CPU.Build.0 = Debug|Any CPU
		{0228658D-720C-4FE0-95B3-6C37C4C6E06B}.Release|Any CPU.ActiveCfg = Release|Any CPU
		{0228658D-720C-4FE0-95B3-6C37C4C6E06B}.Release|Any CPU.Build.0 = Release|Any CPU
		{17828B44-AFA4-4654-9D0F-7BF94378264B}.Debug|Any CPU.ActiveCfg = Debug|Any CPU
		{17828B44-AFA4-4654-9D0F-7BF94378264B}.Debug|Any CPU.Build.0 = Debug|Any CPU
		{17828B44-AFA4-4654-9D0F-7BF94378264B}.Release|Any CPU.ActiveCfg = Release|Any CPU
		{17828B44-AFA4-4654-9D0F-7BF94378264B}.Release|Any CPU.Build.0 = Release|Any CPU
		{A14A77B6-9F55-4079-891A-293CDE0099B4}.Debug|Any CPU.ActiveCfg = Debug|Any CPU
		{A14A77B6-9F55-4079-891A-293CDE0099B4}.Debug|Any CPU.Build.0 = Debug|Any CPU
		{A14A77B6-9F55-4079-891A-293CDE0099B4}.Debug|Any CPU.Deploy.0 = Debug|Any CPU
		{A14A77B6-9F55-4079-891A-293CDE0099B4}.Release|Any CPU.ActiveCfg = Release|Any CPU
		{A14A77B6-9F55-4079-891A-293CDE0099B4}.Release|Any CPU.Build.0 = Release|Any CPU
		{A14A77B6-9F55-4079-891A-293CDE0099B4}.Release|Any CPU.Deploy.0 = Release|Any CPU
	EndGlobalSection
	GlobalSection(SolutionProperties) = preSolution
		HideSolutionNode = FALSE
	EndGlobalSection
	GlobalSection(ExtensibilityGlobals) = postSolution
		SolutionGuid = {AFD6F0B5-87E6-4CD6-8F55-94384572C761}
	EndGlobalSection
EndGlobal
