
Microsoft Visual Studio Solution File, Format Version 12.00
# Visual Studio Version 17
VisualStudioVersion = 17.0.32112.339
MinimumVisualStudioVersion = 10.0.40219.1
Project("{FAE04EC0-301F-11D3-BF4B-00C04F79EFBC}") = "AgreementManagement", "AgreementManagement\AgreementManagement.csproj", "{0228658D-720C-4FE0-95B3-6C37C4C6E06B}"
EndProject
Project("{FAE04EC0-301F-11D3-BF4B-00C04F79EFBC}") = "AgreementManagement.Data", "AgreementManagement.Data\AgreementManagement.Data.csproj", "{17828B44-AFA4-4654-9D0F-7BF94378264B}"
EndProject
Global
	GlobalSection(SolutionConfigurationPlatforms) = preSolution
		Debug|Any CPU = Debug|Any CPU
		Release|Any CPU = Release|Any CPU
	EndGlobalSection
	GlobalSection(ProjectConfigurationPlatforms) = postSolution
		{0228658D-720C-4FE0-95B3-6C37C4C6E06B}.Debug|Any CPU.ActiveCfg = Debug|Any CPU
		{0228658D-720C-4FE0-95B3-6C37C4C6E06B}.Debug|Any CPU.Build.0 = Debug|Any CPU
		{0228658D-720C-4FE0-95B3-6C37C4C6E06B}.Release|Any CPU.ActiveCfg = Release|Any CPU
		{0228658D-720C-4FE0-95B3-6C37C4C6E06B}.Release|Any CPU.Build.0 = Release|Any CPU
		{17828B44-AFA4-4654-9D0F-7BF94378264B}.Debug|Any CPU.ActiveCfg = Debug|Any CPU
		{17828B44-AFA4-4654-9D0F-7BF94378264B}.Debug|Any CPU.Build.0 = Debug|Any CPU
		{17828B44-AFA4-4654-9D0F-7BF94378264B}.Release|Any CPU.ActiveCfg = Release|Any CPU
		{17828B44-AFA4-4654-9D0F-7BF94378264B}.Release|Any CPU.Build.0 = Release|Any CPU
	EndGlobalSection
	GlobalSection(SolutionProperties) = preSolution
		HideSolutionNode = FALSE
	EndGlobalSection
	GlobalSection(ExtensibilityGlobals) = postSolution
		SolutionGuid = {AFD6F0B5-87E6-4CD6-8F55-94384572C761}
	EndGlobalSection
EndGlobal
